
Microsoft Visual Studio Solution File, Format Version 12.00
# Visual Studio Version 17
VisualStudioVersion = 17.9.34902.65
MinimumVisualStudioVersion = 10.0.40219.1
Project("{FAE04EC0-301F-11D3-BF4B-00C04F79EFBC}") = "proyectoIngSoftware", "proyectoIngSoftware.csproj", "{666E9556-B87D-4E44-9E2E-8360AB9EA225}"
EndProject
Global
	GlobalSection(SolutionConfigurationPlatforms) = preSolution
		Debug|Any CPU = Debug|Any CPU
		Release|Any CPU = Release|Any CPU
	EndGlobalSection
	GlobalSection(ProjectConfigurationPlatforms) = postSolution
		{666E9556-B87D-4E44-9E2E-8360AB9EA225}.Debug|Any CPU.ActiveCfg = Debug|Any CPU
		{666E9556-B87D-4E44-9E2E-8360AB9EA225}.Debug|Any CPU.Build.0 = Debug|Any CPU
		{666E9556-B87D-4E44-9E2E-8360AB9EA225}.Release|Any CPU.ActiveCfg = Release|Any CPU
		{666E9556-B87D-4E44-9E2E-8360AB9EA225}.Release|Any CPU.Build.0 = Release|Any CPU
	EndGlobalSection
	GlobalSection(SolutionProperties) = preSolution
		HideSolutionNode = FALSE
	EndGlobalSection
	GlobalSection(ExtensibilityGlobals) = postSolution
		SolutionGuid = {3FEF7F97-B272-43F8-B83F-7042C385D629}
	EndGlobalSection
EndGlobal
